
Microsoft Visual Studio Solution File, Format Version 12.00
# Visual Studio Version 17
VisualStudioVersion = 17.8.34511.84
MinimumVisualStudioVersion = 10.0.40219.1
Project("{8BC9CEB8-8B4A-11D0-8D11-00A0C91BC942}") = "ConsoleTemplate03App", "ConsoleTemplate03App\ConsoleTemplate03App.vcxproj", "{F1ADAC5E-A7C4-46B5-8955-BA3D70EAFFE6}"
EndProject
Global
	GlobalSection(SolutionConfigurationPlatforms) = preSolution
		Debug|x64 = Debug|x64
		Release|x64 = Release|x64
	EndGlobalSection
	GlobalSection(ProjectConfigurationPlatforms) = postSolution
		{F1ADAC5E-A7C4-46B5-8955-BA3D70EAFFE6}.Debug|x64.ActiveCfg = Debug|x64
		{F1ADAC5E-A7C4-46B5-8955-BA3D70EAFFE6}.Debug|x64.Build.0 = Debug|x64
		{F1ADAC5E-A7C4-46B5-8955-BA3D70EAFFE6}.Release|x64.ActiveCfg = Release|x64
		{F1ADAC5E-A7C4-46B5-8955-BA3D70EAFFE6}.Release|x64.Build.0 = Release|x64
	EndGlobalSection
	GlobalSection(SolutionProperties) = preSolution
		HideSolutionNode = FALSE
	EndGlobalSection
	GlobalSection(ExtensibilityGlobals) = postSolution
		SolutionGuid = {F8DC4867-5AA1-4C72-BAC3-4040136528C0}
	EndGlobalSection
EndGlobal
